// !$*UTF8*$!
{
	archiveVersion = 1;
	classes = {
	};
	objectVersion = 50;
	objects = {

/* Begin PBXBuildFile section */
		4F0C9E3121B1F1E40035034C /* KittenColours Help in Resources */ = {isa = PBXBuildFile; fileRef = 4F0C9E3021B1F1E30035034C /* KittenColours Help */; };
		4F56793721B4FC7800DBC9BF /* PrintView.swift in Sources */ = {isa = PBXBuildFile; fileRef = 4F56793621B4FC7800DBC9BF /* PrintView.swift */; };
		4F7112AA219CC31700E3AA4E /* Globals.swift in Sources */ = {isa = PBXBuildFile; fileRef = 4F7112A9219CC31700E3AA4E /* Globals.swift */; };
		4F72DC4A219EC15000EB7C7D /* FemaleCat.swift in Sources */ = {isa = PBXBuildFile; fileRef = 4F72DC49219EC15000EB7C7D /* FemaleCat.swift */; };
		4F77BC0721B142C20011162A /* Credits.rtf in Resources */ = {isa = PBXBuildFile; fileRef = 4F77BC0621B142C20011162A /* Credits.rtf */; };
		4FA0DAFC219D76A900D1BB42 /* Coat.swift in Sources */ = {isa = PBXBuildFile; fileRef = 4FA0DAFB219D76A900D1BB42 /* Coat.swift */; };
		4FCB26BE219C312D00987537 /* MaleCat.swift in Sources */ = {isa = PBXBuildFile; fileRef = 4FCB26BD219C312D00987537 /* MaleCat.swift */; };
		4FEEB4882199838300DE075C /* AppDelegate.swift in Sources */ = {isa = PBXBuildFile; fileRef = 4FEEB4872199838300DE075C /* AppDelegate.swift */; };
		4FEEB48A2199838400DE075C /* Assets.xcassets in Resources */ = {isa = PBXBuildFile; fileRef = 4FEEB4892199838400DE075C /* Assets.xcassets */; };
		4FEEB48D2199838400DE075C /* MainMenu.xib in Resources */ = {isa = PBXBuildFile; fileRef = 4FEEB48B2199838400DE075C /* MainMenu.xib */; };
		4FEEB4A5219983B800DE075C /* MyWindowController.swift in Sources */ = {isa = PBXBuildFile; fileRef = 4FEEB4A3219983B800DE075C /* MyWindowController.swift */; };
		4FEEB4A6219983B800DE075C /* MyWindowController.xib in Resources */ = {isa = PBXBuildFile; fileRef = 4FEEB4A4219983B800DE075C /* MyWindowController.xib */; };
		4FF62938219AD90D00FC7019 /* Chromosome.swift in Sources */ = {isa = PBXBuildFile; fileRef = 4FF62937219AD90D00FC7019 /* Chromosome.swift */; };
		4FF6293A219AD93400FC7019 /* Gene.swift in Sources */ = {isa = PBXBuildFile; fileRef = 4FF62939219AD93400FC7019 /* Gene.swift */; };
		4FF6293D219AD95A00FC7019 /* Pair.swift in Sources */ = {isa = PBXBuildFile; fileRef = 4FF6293C219AD95A00FC7019 /* Pair.swift */; };
		4FF62940219AD99B00FC7019 /* Cat.swift in Sources */ = {isa = PBXBuildFile; fileRef = 4FF6293F219AD99B00FC7019 /* Cat.swift */; };
/* End PBXBuildFile section */

/* Begin PBXFileReference section */
		4F0C9E3021B1F1E30035034C /* KittenColours Help */ = {isa = PBXFileReference; lastKnownFileType = folder; path = "KittenColours Help"; sourceTree = "<group>"; };
		4F56793621B4FC7800DBC9BF /* PrintView.swift */ = {isa = PBXFileReference; lastKnownFileType = sourcecode.swift; path = PrintView.swift; sourceTree = "<group>"; };
		4F7112A9219CC31700E3AA4E /* Globals.swift */ = {isa = PBXFileReference; lastKnownFileType = sourcecode.swift; path = Globals.swift; sourceTree = "<group>"; };
		4F72DC49219EC15000EB7C7D /* FemaleCat.swift */ = {isa = PBXFileReference; lastKnownFileType = sourcecode.swift; path = FemaleCat.swift; sourceTree = "<group>"; };
		4F77BC0621B142C20011162A /* Credits.rtf */ = {isa = PBXFileReference; fileEncoding = 4; lastKnownFileType = text.rtf; path = Credits.rtf; sourceTree = "<group>"; };
		4F77BC0921B145BB0011162A /* Info.plist */ = {isa = PBXFileReference; fileEncoding = 4; lastKnownFileType = text.plist.xml; path = Info.plist; sourceTree = "<group>"; };
		4F7B895321C5E3570091EDBF /* KittenColours.entitlements */ = {isa = PBXFileReference; lastKnownFileType = text.plist.entitlements; path = KittenColours.entitlements; sourceTree = "<group>"; };
		4FA0DAFB219D76A900D1BB42 /* Coat.swift */ = {isa = PBXFileReference; lastKnownFileType = sourcecode.swift; path = Coat.swift; sourceTree = "<group>"; };
		4FCB26BD219C312D00987537 /* MaleCat.swift */ = {isa = PBXFileReference; lastKnownFileType = sourcecode.swift; path = MaleCat.swift; sourceTree = "<group>"; };
		4FEEB4842199838300DE075C /* KittenColours.app */ = {isa = PBXFileReference; explicitFileType = wrapper.application; includeInIndex = 0; path = KittenColours.app; sourceTree = BUILT_PRODUCTS_DIR; };
		4FEEB4872199838300DE075C /* AppDelegate.swift */ = {isa = PBXFileReference; lastKnownFileType = sourcecode.swift; path = AppDelegate.swift; sourceTree = "<group>"; };
		4FEEB4892199838400DE075C /* Assets.xcassets */ = {isa = PBXFileReference; lastKnownFileType = folder.assetcatalog; path = Assets.xcassets; sourceTree = "<group>"; };
		4FEEB48C2199838400DE075C /* Base */ = {isa = PBXFileReference; lastKnownFileType = file.xib; name = Base; path = Base.lproj/MainMenu.xib; sourceTree = "<group>"; };
		4FEEB4A3219983B800DE075C /* MyWindowController.swift */ = {isa = PBXFileReference; lastKnownFileType = sourcecode.swift; path = MyWindowController.swift; sourceTree = "<group>"; };
		4FEEB4A4219983B800DE075C /* MyWindowController.xib */ = {isa = PBXFileReference; lastKnownFileType = file.xib; path = MyWindowController.xib; sourceTree = "<group>"; };
		4FF62937219AD90D00FC7019 /* Chromosome.swift */ = {isa = PBXFileReference; fileEncoding = 4; lastKnownFileType = sourcecode.swift; path = Chromosome.swift; sourceTree = "<group>"; };
		4FF62939219AD93400FC7019 /* Gene.swift */ = {isa = PBXFileReference; fileEncoding = 4; lastKnownFileType = sourcecode.swift; path = Gene.swift; sourceTree = "<group>"; };
		4FF6293C219AD95A00FC7019 /* Pair.swift */ = {isa = PBXFileReference; fileEncoding = 4; lastKnownFileType = sourcecode.swift; path = Pair.swift; sourceTree = "<group>"; };
		4FF6293F219AD99B00FC7019 /* Cat.swift */ = {isa = PBXFileReference; lastKnownFileType = sourcecode.swift; path = Cat.swift; sourceTree = "<group>"; };
/* End PBXFileReference section */

/* Begin PBXFrameworksBuildPhase section */
		4FEEB4812199838300DE075C /* Frameworks */ = {
			isa = PBXFrameworksBuildPhase;
			buildActionMask = 2147483647;
			files = (
			);
			runOnlyForDeploymentPostprocessing = 0;
		};
/* End PBXFrameworksBuildPhase section */

/* Begin PBXGroup section */
		4FEEB47B2199838300DE075C = {
			isa = PBXGroup;
			children = (
				4FEEB4862199838300DE075C /* KittenColours */,
				4FEEB4852199838300DE075C /* Products */,
			);
			sourceTree = "<group>";
		};
		4FEEB4852199838300DE075C /* Products */ = {
			isa = PBXGroup;
			children = (
				4FEEB4842199838300DE075C /* KittenColours.app */,
			);
			name = Products;
			sourceTree = "<group>";
		};
		4FEEB4862199838300DE075C /* KittenColours */ = {
			isa = PBXGroup;
			children = (
				4F7B895321C5E3570091EDBF /* KittenColours.entitlements */,
				4FEEB4872199838300DE075C /* AppDelegate.swift */,
				4FEEB4A3219983B800DE075C /* MyWindowController.swift */,
				4F56793621B4FC7800DBC9BF /* PrintView.swift */,
				4F7112A9219CC31700E3AA4E /* Globals.swift */,
				4FF62939219AD93400FC7019 /* Gene.swift */,
				4FF6293C219AD95A00FC7019 /* Pair.swift */,
				4FF62937219AD90D00FC7019 /* Chromosome.swift */,
				4FA0DAFB219D76A900D1BB42 /* Coat.swift */,
				4FF6293F219AD99B00FC7019 /* Cat.swift */,
				4FCB26BD219C312D00987537 /* MaleCat.swift */,
				4F72DC49219EC15000EB7C7D /* FemaleCat.swift */,
				4FEEB4892199838400DE075C /* Assets.xcassets */,
				4FEEB48B2199838400DE075C /* MainMenu.xib */,
				4FEEB4A4219983B800DE075C /* MyWindowController.xib */,
				4F77BC0921B145BB0011162A /* Info.plist */,
				4F0C9E3021B1F1E30035034C /* KittenColours Help */,
				4F77BC0621B142C20011162A /* Credits.rtf */,
			);
			path = KittenColours;
			sourceTree = "<group>";
		};
/* End PBXGroup section */

/* Begin PBXNativeTarget section */
		4FEEB4832199838300DE075C /* KittenColours */ = {
			isa = PBXNativeTarget;
			buildConfigurationList = 4FEEB49D2199838400DE075C /* Build configuration list for PBXNativeTarget "KittenColours" */;
			buildPhases = (
				4FEEB4802199838300DE075C /* Sources */,
				4FEEB4812199838300DE075C /* Frameworks */,
				4FEEB4822199838300DE075C /* Resources */,
			);
			buildRules = (
			);
			dependencies = (
			);
			name = KittenColours;
			productName = ReadCatColour;
			productReference = 4FEEB4842199838300DE075C /* KittenColours.app */;
			productType = "com.apple.product-type.application";
		};
/* End PBXNativeTarget section */

/* Begin PBXProject section */
		4FEEB47C2199838300DE075C /* Project object */ = {
			isa = PBXProject;
			attributes = {
				LastSwiftUpdateCheck = 1010;
				LastUpgradeCheck = 1250;
				ORGANIZATIONNAME = Feanor;
				TargetAttributes = {
					4FEEB4832199838300DE075C = {
						CreatedOnToolsVersion = 10.1;
						LastSwiftMigration = 1150;
						SystemCapabilities = {
							com.apple.ApplicationGroups.Mac = {
								enabled = 0;
							};
							com.apple.Sandbox = {
								enabled = 1;
							};
						};
					};
				};
			};
			buildConfigurationList = 4FEEB47F2199838300DE075C /* Build configuration list for PBXProject "KittenColours" */;
			compatibilityVersion = "Xcode 9.3";
			developmentRegion = en;
			hasScannedForEncodings = 0;
			knownRegions = (
				en,
				Base,
			);
			mainGroup = 4FEEB47B2199838300DE075C;
			productRefGroup = 4FEEB4852199838300DE075C /* Products */;
			projectDirPath = "";
			projectRoot = "";
			targets = (
				4FEEB4832199838300DE075C /* KittenColours */,
			);
		};
/* End PBXProject section */

/* Begin PBXResourcesBuildPhase section */
		4FEEB4822199838300DE075C /* Resources */ = {
			isa = PBXResourcesBuildPhase;
			buildActionMask = 2147483647;
			files = (
				4FEEB4A6219983B800DE075C /* MyWindowController.xib in Resources */,
				4F77BC0721B142C20011162A /* Credits.rtf in Resources */,
				4F0C9E3121B1F1E40035034C /* KittenColours Help in Resources */,
				4FEEB48A2199838400DE075C /* Assets.xcassets in Resources */,
				4FEEB48D2199838400DE075C /* MainMenu.xib in Resources */,
			);
			runOnlyForDeploymentPostprocessing = 0;
		};
/* End PBXResourcesBuildPhase section */

/* Begin PBXSourcesBuildPhase section */
		4FEEB4802199838300DE075C /* Sources */ = {
			isa = PBXSourcesBuildPhase;
			buildActionMask = 2147483647;
			files = (
				4F72DC4A219EC15000EB7C7D /* FemaleCat.swift in Sources */,
				4FEEB4882199838300DE075C /* AppDelegate.swift in Sources */,
				4FCB26BE219C312D00987537 /* MaleCat.swift in Sources */,
				4FF62940219AD99B00FC7019 /* Cat.swift in Sources */,
				4FA0DAFC219D76A900D1BB42 /* Coat.swift in Sources */,
				4FF62938219AD90D00FC7019 /* Chromosome.swift in Sources */,
				4FF6293A219AD93400FC7019 /* Gene.swift in Sources */,
				4FEEB4A5219983B800DE075C /* MyWindowController.swift in Sources */,
				4FF6293D219AD95A00FC7019 /* Pair.swift in Sources */,
				4F56793721B4FC7800DBC9BF /* PrintView.swift in Sources */,
				4F7112AA219CC31700E3AA4E /* Globals.swift in Sources */,
			);
			runOnlyForDeploymentPostprocessing = 0;
		};
/* End PBXSourcesBuildPhase section */

/* Begin PBXVariantGroup section */
		4FEEB48B2199838400DE075C /* MainMenu.xib */ = {
			isa = PBXVariantGroup;
			children = (
				4FEEB48C2199838400DE075C /* Base */,
			);
			name = MainMenu.xib;
			sourceTree = "<group>";
		};
/* End PBXVariantGroup section */

/* Begin XCBuildConfiguration section */
		4FEEB49B2199838400DE075C /* Debug */ = {
			isa = XCBuildConfiguration;
			buildSettings = {
				ALWAYS_SEARCH_USER_PATHS = NO;
				CLANG_ANALYZER_NONNULL = YES;
				CLANG_ANALYZER_NUMBER_OBJECT_CONVERSION = YES_AGGRESSIVE;
				CLANG_CXX_LANGUAGE_STANDARD = "gnu++14";
				CLANG_CXX_LIBRARY = "libc++";
				CLANG_ENABLE_MODULES = YES;
				CLANG_ENABLE_OBJC_ARC = YES;
				CLANG_ENABLE_OBJC_WEAK = YES;
				CLANG_WARN_BLOCK_CAPTURE_AUTORELEASING = YES;
				CLANG_WARN_BOOL_CONVERSION = YES;
				CLANG_WARN_COMMA = YES;
				CLANG_WARN_CONSTANT_CONVERSION = YES;
				CLANG_WARN_DEPRECATED_OBJC_IMPLEMENTATIONS = YES;
				CLANG_WARN_DIRECT_OBJC_ISA_USAGE = YES_ERROR;
				CLANG_WARN_DOCUMENTATION_COMMENTS = YES;
				CLANG_WARN_EMPTY_BODY = YES;
				CLANG_WARN_ENUM_CONVERSION = YES;
				CLANG_WARN_INFINITE_RECURSION = YES;
				CLANG_WARN_INT_CONVERSION = YES;
				CLANG_WARN_NON_LITERAL_NULL_CONVERSION = YES;
				CLANG_WARN_OBJC_IMPLICIT_RETAIN_SELF = YES;
				CLANG_WARN_OBJC_LITERAL_CONVERSION = YES;
				CLANG_WARN_OBJC_ROOT_CLASS = YES_ERROR;
				CLANG_WARN_QUOTED_INCLUDE_IN_FRAMEWORK_HEADER = YES;
				CLANG_WARN_RANGE_LOOP_ANALYSIS = YES;
				CLANG_WARN_STRICT_PROTOTYPES = YES;
				CLANG_WARN_SUSPICIOUS_MOVE = YES;
				CLANG_WARN_UNGUARDED_AVAILABILITY = YES_AGGRESSIVE;
				CLANG_WARN_UNREACHABLE_CODE = YES;
				CLANG_WARN__DUPLICATE_METHOD_MATCH = YES;
				CODE_SIGN_IDENTITY = "Developer ID Application: John Sandercock (MW4BK677PW)";
				COPY_PHASE_STRIP = NO;
				DEBUG_INFORMATION_FORMAT = dwarf;
				ENABLE_HARDENED_RUNTIME = YES;
				ENABLE_STRICT_OBJC_MSGSEND = YES;
				ENABLE_TESTABILITY = YES;
				GCC_C_LANGUAGE_STANDARD = gnu11;
				GCC_DYNAMIC_NO_PIC = NO;
				GCC_NO_COMMON_BLOCKS = YES;
				GCC_OPTIMIZATION_LEVEL = 0;
				GCC_PREPROCESSOR_DEFINITIONS = (
					"DEBUG=1",
					"$(inherited)",
				);
				GCC_WARN_64_TO_32_BIT_CONVERSION = YES;
				GCC_WARN_ABOUT_RETURN_TYPE = YES_ERROR;
				GCC_WARN_UNDECLARED_SELECTOR = YES;
				GCC_WARN_UNINITIALIZED_AUTOS = YES_AGGRESSIVE;
				GCC_WARN_UNUSED_FUNCTION = YES;
				GCC_WARN_UNUSED_VARIABLE = YES;
				MACOSX_DEPLOYMENT_TARGET = 10.11;
				MTL_ENABLE_DEBUG_INFO = INCLUDE_SOURCE;
				MTL_FAST_MATH = YES;
				ONLY_ACTIVE_ARCH = YES;
				SDKROOT = macosx;
				SWIFT_ACTIVE_COMPILATION_CONDITIONS = DEBUG;
				SWIFT_OPTIMIZATION_LEVEL = "-Onone";
				SWIFT_VERSION = 5.0;
			};
			name = Debug;
		};
		4FEEB49C2199838400DE075C /* Release */ = {
			isa = XCBuildConfiguration;
			buildSettings = {
				ALWAYS_SEARCH_USER_PATHS = NO;
				CLANG_ANALYZER_NONNULL = YES;
				CLANG_ANALYZER_NUMBER_OBJECT_CONVERSION = YES_AGGRESSIVE;
				CLANG_CXX_LANGUAGE_STANDARD = "gnu++14";
				CLANG_CXX_LIBRARY = "libc++";
				CLANG_ENABLE_MODULES = YES;
				CLANG_ENABLE_OBJC_ARC = YES;
				CLANG_ENABLE_OBJC_WEAK = YES;
				CLANG_WARN_BLOCK_CAPTURE_AUTORELEASING = YES;
				CLANG_WARN_BOOL_CONVERSION = YES;
				CLANG_WARN_COMMA = YES;
				CLANG_WARN_CONSTANT_CONVERSION = YES;
				CLANG_WARN_DEPRECATED_OBJC_IMPLEMENTATIONS = YES;
				CLANG_WARN_DIRECT_OBJC_ISA_USAGE = YES_ERROR;
				CLANG_WARN_DOCUMENTATION_COMMENTS = YES;
				CLANG_WARN_EMPTY_BODY = YES;
				CLANG_WARN_ENUM_CONVERSION = YES;
				CLANG_WARN_INFINITE_RECURSION = YES;
				CLANG_WARN_INT_CONVERSION = YES;
				CLANG_WARN_NON_LITERAL_NULL_CONVERSION = YES;
				CLANG_WARN_OBJC_IMPLICIT_RETAIN_SELF = YES;
				CLANG_WARN_OBJC_LITERAL_CONVERSION = YES;
				CLANG_WARN_OBJC_ROOT_CLASS = YES_ERROR;
				CLANG_WARN_QUOTED_INCLUDE_IN_FRAMEWORK_HEADER = YES;
				CLANG_WARN_RANGE_LOOP_ANALYSIS = YES;
				CLANG_WARN_STRICT_PROTOTYPES = YES;
				CLANG_WARN_SUSPICIOUS_MOVE = YES;
				CLANG_WARN_UNGUARDED_AVAILABILITY = YES_AGGRESSIVE;
				CLANG_WARN_UNREACHABLE_CODE = YES;
				CLANG_WARN__DUPLICATE_METHOD_MATCH = YES;
				CODE_SIGN_IDENTITY = "Developer ID Application: John Sandercock (MW4BK677PW)";
				COPY_PHASE_STRIP = NO;
				DEBUG_INFORMATION_FORMAT = "dwarf-with-dsym";
				ENABLE_HARDENED_RUNTIME = YES;
				ENABLE_NS_ASSERTIONS = NO;
				ENABLE_STRICT_OBJC_MSGSEND = YES;
				GCC_C_LANGUAGE_STANDARD = gnu11;
				GCC_NO_COMMON_BLOCKS = YES;
				GCC_WARN_64_TO_32_BIT_CONVERSION = YES;
				GCC_WARN_ABOUT_RETURN_TYPE = YES_ERROR;
				GCC_WARN_UNDECLARED_SELECTOR = YES;
				GCC_WARN_UNINITIALIZED_AUTOS = YES_AGGRESSIVE;
				GCC_WARN_UNUSED_FUNCTION = YES;
				GCC_WARN_UNUSED_VARIABLE = YES;
				MACOSX_DEPLOYMENT_TARGET = 10.11;
				MTL_ENABLE_DEBUG_INFO = NO;
				MTL_FAST_MATH = YES;
				SDKROOT = macosx;
				SWIFT_COMPILATION_MODE = wholemodule;
				SWIFT_OPTIMIZATION_LEVEL = "-O";
				SWIFT_VERSION = 5.0;
			};
			name = Release;
		};
		4FEEB49E2199838400DE075C /* Debug */ = {
			isa = XCBuildConfiguration;
			buildSettings = {
				ASSETCATALOG_COMPILER_APPICON_NAME = AppIcon;
				CODE_SIGN_ENTITLEMENTS = KittenColours/KittenColours.entitlements;
				CODE_SIGN_IDENTITY = "Apple Development";
				CODE_SIGN_STYLE = Automatic;
				COMBINE_HIDPI_IMAGES = YES;
				DEVELOPMENT_TEAM = MW4BK677PW;
				ENABLE_HARDENED_RUNTIME = YES;
				INFOPLIST_FILE = "$(SRCROOT)/KittenColours/Info.plist";
				LD_RUNPATH_SEARCH_PATHS = (
					"$(inherited)",
					"@executable_path/../Frameworks",
				);
				MACOSX_DEPLOYMENT_TARGET = 10.11;
				PRODUCT_BUNDLE_IDENTIFIER = au.com.Feanor.KittenColours;
				PRODUCT_NAME = "$(TARGET_NAME)";
				SWIFT_VERSION = 5.0;
			};
			name = Debug;
		};
		4FEEB49F2199838400DE075C /* Release */ = {
			isa = XCBuildConfiguration;
			buildSettings = {
				ASSETCATALOG_COMPILER_APPICON_NAME = AppIcon;
				CODE_SIGN_ENTITLEMENTS = KittenColours/KittenColours.entitlements;
				CODE_SIGN_IDENTITY = "Apple Development";
				CODE_SIGN_STYLE = Automatic;
				COMBINE_HIDPI_IMAGES = YES;
				DEVELOPMENT_TEAM = MW4BK677PW;
				ENABLE_HARDENED_RUNTIME = YES;
				INFOPLIST_FILE = "$(SRCROOT)/KittenColours/Info.plist";
				LD_RUNPATH_SEARCH_PATHS = (
					"$(inherited)",
					"@executable_path/../Frameworks",
				);
				MACOSX_DEPLOYMENT_TARGET = 10.11;
				PRODUCT_BUNDLE_IDENTIFIER = au.com.Feanor.KittenColours;
				PRODUCT_NAME = "$(TARGET_NAME)";
				SWIFT_VERSION = 5.0;
			};
			name = Release;
		};
/* End XCBuildConfiguration section */

/* Begin XCConfigurationList section */
		4FEEB47F2199838300DE075C /* Build configuration list for PBXProject "KittenColours" */ = {
			isa = XCConfigurationList;
			buildConfigurations = (
				4FEEB49B2199838400DE075C /* Debug */,
				4FEEB49C2199838400DE075C /* Release */,
			);
			defaultConfigurationIsVisible = 0;
			defaultConfigurationName = Release;
		};
		4FEEB49D2199838400DE075C /* Build configuration list for PBXNativeTarget "KittenColours" */ = {
			isa = XCConfigurationList;
			buildConfigurations = (
				4FEEB49E2199838400DE075C /* Debug */,
				4FEEB49F2199838400DE075C /* Release */,
			);
			defaultConfigurationIsVisible = 0;
			defaultConfigurationName = Release;
		};
/* End XCConfigurationList section */
	};
	rootObject = 4FEEB47C2199838300DE075C /* Project object */;
}
